{
  "name": "unified-feed-mvp",
  "version": "0.3.0",
  "lockfileVersion": 3,
  "requires": true,
  "packages": {
    "": {
      "name": "unified-feed-mvp",
      "version": "0.3.0",
      "dependencies": {
        "cheerio": "^1.0.0",
        "p-limit": "^6.2.0",
        "playwright": "^1.54.0",
        "rss-parser": "^3.13.0"
      }
    }
  }
}